// !$*UTF8*$!
{
	archiveVersion = 1;
	classes = {
	};
	objectVersion = 46;
	objects = {

/* Begin PBXBuildFile section */
		C87E8C8D1D393EE40064360B /* AppDelegate.swift in Sources */ = {isa = PBXBuildFile; fileRef = C87E8C8C1D393EE40064360B /* AppDelegate.swift */; };
		C87E8C8F1D393EE40064360B /* ViewController.swift in Sources */ = {isa = PBXBuildFile; fileRef = C87E8C8E1D393EE40064360B /* ViewController.swift */; };
		C87E8C921D393EE40064360B /* Main.storyboard in Resources */ = {isa = PBXBuildFile; fileRef = C87E8C901D393EE40064360B /* Main.storyboard */; };
		C87E8C941D393EE40064360B /* Assets.xcassets in Resources */ = {isa = PBXBuildFile; fileRef = C87E8C931D393EE40064360B /* Assets.xcassets */; };
		C87E8C971D393EE40064360B /* LaunchScreen.storyboard in Resources */ = {isa = PBXBuildFile; fileRef = C87E8C951D393EE40064360B /* LaunchScreen.storyboard */; };
		C87E8C9F1D393F840064360B /* HealthViewController.swift in Sources */ = {isa = PBXBuildFile; fileRef = C87E8C9E1D393F840064360B /* HealthViewController.swift */; };
		C87E8CA31D3965A80064360B /* GraphView.swift in Sources */ = {isa = PBXBuildFile; fileRef = C87E8CA21D3965A80064360B /* GraphView.swift */; };
/* End PBXBuildFile section */

/* Begin PBXFileReference section */
		C87E8C891D393EE40064360B /* Health_App.app */ = {isa = PBXFileReference; explicitFileType = wrapper.application; includeInIndex = 0; path = Health_App.app; sourceTree = BUILT_PRODUCTS_DIR; };
		C87E8C8C1D393EE40064360B /* AppDelegate.swift */ = {isa = PBXFileReference; lastKnownFileType = sourcecode.swift; path = AppDelegate.swift; sourceTree = "<group>"; };
		C87E8C8E1D393EE40064360B /* ViewController.swift */ = {isa = PBXFileReference; lastKnownFileType = sourcecode.swift; path = ViewController.swift; sourceTree = "<group>"; };
		C87E8C911D393EE40064360B /* Base */ = {isa = PBXFileReference; lastKnownFileType = file.storyboard; name = Base; path = Base.lproj/Main.storyboard; sourceTree = "<group>"; };
		C87E8C931D393EE40064360B /* Assets.xcassets */ = {isa = PBXFileReference; lastKnownFileType = folder.assetcatalog; path = Assets.xcassets; sourceTree = "<group>"; };
		C87E8C961D393EE40064360B /* Base */ = {isa = PBXFileReference; lastKnownFileType = file.storyboard; name = Base; path = Base.lproj/LaunchScreen.storyboard; sourceTree = "<group>"; };
		C87E8C981D393EE40064360B /* Info.plist */ = {isa = PBXFileReference; lastKnownFileType = text.plist.xml; path = Info.plist; sourceTree = "<group>"; };
		C87E8C9E1D393F840064360B /* HealthViewController.swift */ = {isa = PBXFileReference; fileEncoding = 4; lastKnownFileType = sourcecode.swift; path = HealthViewController.swift; sourceTree = "<group>"; };
		C87E8CA21D3965A80064360B /* GraphView.swift */ = {isa = PBXFileReference; fileEncoding = 4; lastKnownFileType = sourcecode.swift; name = GraphView.swift; path = ../GraphView.swift; sourceTree = "<group>"; };
/* End PBXFileReference section */

/* Begin PBXFrameworksBuildPhase section */
		C87E8C861D393EE40064360B /* Frameworks */ = {
			isa = PBXFrameworksBuildPhase;
			buildActionMask = 2147483647;
			files = (
			);
			runOnlyForDeploymentPostprocessing = 0;
		};
/* End PBXFrameworksBuildPhase section */

/* Begin PBXGroup section */
		C87E8C801D393EE40064360B = {
			isa = PBXGroup;
			children = (
				C87E8C8B1D393EE40064360B /* Health_App */,
				C87E8C8A1D393EE40064360B /* Products */,
			);
			sourceTree = "<group>";
		};
		C87E8C8A1D393EE40064360B /* Products */ = {
			isa = PBXGroup;
			children = (
				C87E8C891D393EE40064360B /* Health_App.app */,
			);
			name = Products;
			sourceTree = "<group>";
		};
		C87E8C8B1D393EE40064360B /* Health_App */ = {
			isa = PBXGroup;
			children = (
				C87E8CA21D3965A80064360B /* GraphView.swift */,
				C87E8C9E1D393F840064360B /* HealthViewController.swift */,
				C87E8C8C1D393EE40064360B /* AppDelegate.swift */,
				C87E8C8E1D393EE40064360B /* ViewController.swift */,
				C87E8C901D393EE40064360B /* Main.storyboard */,
				C87E8C931D393EE40064360B /* Assets.xcassets */,
				C87E8C951D393EE40064360B /* LaunchScreen.storyboard */,
				C87E8C981D393EE40064360B /* Info.plist */,
			);
			path = Health_App;
			sourceTree = "<group>";
		};
/* End PBXGroup section */

/* Begin PBXNativeTarget section */
		C87E8C881D393EE40064360B /* Health_App */ = {
			isa = PBXNativeTarget;
			buildConfigurationList = C87E8C9B1D393EE40064360B /* Build configuration list for PBXNativeTarget "Health_App" */;
			buildPhases = (
				C87E8C851D393EE40064360B /* Sources */,
				C87E8C861D393EE40064360B /* Frameworks */,
				C87E8C871D393EE40064360B /* Resources */,
			);
			buildRules = (
			);
			dependencies = (
			);
			name = Health_App;
			productName = Health_App;
			productReference = C87E8C891D393EE40064360B /* Health_App.app */;
			productType = "com.apple.product-type.application";
		};
/* End PBXNativeTarget section */

/* Begin PBXProject section */
		C87E8C811D393EE40064360B /* Project object */ = {
			isa = PBXProject;
			attributes = {
				LastSwiftUpdateCheck = 0730;
				LastUpgradeCheck = 0730;
				ORGANIZATIONNAME = "Toleen Jaradat";
				TargetAttributes = {
					C87E8C881D393EE40064360B = {
						CreatedOnToolsVersion = 7.3.1;
						LastSwiftMigration = 0820;
					};
				};
			};
			buildConfigurationList = C87E8C841D393EE40064360B /* Build configuration list for PBXProject "Health_App" */;
			compatibilityVersion = "Xcode 3.2";
			developmentRegion = English;
			hasScannedForEncodings = 0;
			knownRegions = (
				en,
				Base,
			);
			mainGroup = C87E8C801D393EE40064360B;
			productRefGroup = C87E8C8A1D393EE40064360B /* Products */;
			projectDirPath = "";
			projectRoot = "";
			targets = (
				C87E8C881D393EE40064360B /* Health_App */,
			);
		};
/* End PBXProject section */

/* Begin PBXResourcesBuildPhase section */
		C87E8C871D393EE40064360B /* Resources */ = {
			isa = PBXResourcesBuildPhase;
			buildActionMask = 2147483647;
			files = (
				C87E8C971D393EE40064360B /* LaunchScreen.storyboard in Resources */,
				C87E8C941D393EE40064360B /* Assets.xcassets in Resources */,
				C87E8C921D393EE40064360B /* Main.storyboard in Resources */,
			);
			runOnlyForDeploymentPostprocessing = 0;
		};
/* End PBXResourcesBuildPhase section */

/* Begin PBXSourcesBuildPhase section */
		C87E8C851D393EE40064360B /* Sources */ = {
			isa = PBXSourcesBuildPhase;
			buildActionMask = 2147483647;
			files = (
				C87E8C8F1D393EE40064360B /* ViewController.swift in Sources */,
				C87E8C9F1D393F840064360B /* HealthViewController.swift in Sources */,
				C87E8C8D1D393EE40064360B /* AppDelegate.swift in Sources */,
				C87E8CA31D3965A80064360B /* GraphView.swift in Sources */,
			);
			runOnlyForDeploymentPostprocessing = 0;
		};
/* End PBXSourcesBuildPhase section */

/* Begin PBXVariantGroup section */
		C87E8C901D393EE40064360B /* Main.storyboard */ = {
			isa = PBXVariantGroup;
			children = (
				C87E8C911D393EE40064360B /* Base */,
			);
			name = Main.storyboard;
			sourceTree = "<group>";
		};
		C87E8C951D393EE40064360B /* LaunchScreen.storyboard */ = {
			isa = PBXVariantGroup;
			children = (
				C87E8C961D393EE40064360B /* Base */,
			);
			name = LaunchScreen.storyboard;
			sourceTree = "<group>";
		};
/* End PBXVariantGroup section */

/* Begin XCBuildConfiguration section */
		C87E8C991D393EE40064360B /* Debug */ = {
			isa = XCBuildConfiguration;
			buildSettings = {
				ALWAYS_SEARCH_USER_PATHS = NO;
				CLANG_ANALYZER_NONNULL = YES;
				CLANG_CXX_LANGUAGE_STANDARD = "gnu++0x";
				CLANG_CXX_LIBRARY = "libc++";
				CLANG_ENABLE_MODULES = YES;
				CLANG_ENABLE_OBJC_ARC = YES;
				CLANG_WARN_BOOL_CONVERSION = YES;
				CLANG_WARN_CONSTANT_CONVERSION = YES;
				CLANG_WARN_DIRECT_OBJC_ISA_USAGE = YES_ERROR;
				CLANG_WARN_EMPTY_BODY = YES;
				CLANG_WARN_ENUM_CONVERSION = YES;
				CLANG_WARN_INT_CONVERSION = YES;
				CLANG_WARN_OBJC_ROOT_CLASS = YES_ERROR;
				CLANG_WARN_UNREACHABLE_CODE = YES;
				CLANG_WARN__DUPLICATE_METHOD_MATCH = YES;
				"CODE_SIGN_IDENTITY[sdk=iphoneos*]" = "iPhone Developer";
				COPY_PHASE_STRIP = NO;
				DEBUG_INFORMATION_FORMAT = dwarf;
				ENABLE_STRICT_OBJC_MSGSEND = YES;
				ENABLE_TESTABILITY = YES;
				GCC_C_LANGUAGE_STANDARD = gnu99;
				GCC_DYNAMIC_NO_PIC = NO;
				GCC_NO_COMMON_BLOCKS = YES;
				GCC_OPTIMIZATION_LEVEL = 0;
				GCC_PREPROCESSOR_DEFINITIONS = (
					"DEBUG=1",
					"$(inherited)",
				);
				GCC_WARN_64_TO_32_BIT_CONVERSION = YES;
				GCC_WARN_ABOUT_RETURN_TYPE = YES_ERROR;
				GCC_WARN_UNDECLARED_SELECTOR = YES;
				GCC_WARN_UNINITIALIZED_AUTOS = YES_AGGRESSIVE;
				GCC_WARN_UNUSED_FUNCTION = YES;
				GCC_WARN_UNUSED_VARIABLE = YES;
				IPHONEOS_DEPLOYMENT_TARGET = 9.3;
				MTL_ENABLE_DEBUG_INFO = YES;
				ONLY_ACTIVE_ARCH = YES;
				SDKROOT = iphoneos;
				SWIFT_OPTIMIZATION_LEVEL = "-Onone";
				TARGETED_DEVICE_FAMILY = "1,2";
			};
			name = Debug;
		};
		C87E8C9A1D393EE40064360B /* Release */ = {
			isa = XCBuildConfiguration;
			buildSettings = {
				ALWAYS_SEARCH_USER_PATHS = NO;
				CLANG_ANALYZER_NONNULL = YES;
				CLANG_CXX_LANGUAGE_STANDARD = "gnu++0x";
				CLANG_CXX_LIBRARY = "libc++";
				CLANG_ENABLE_MODULES = YES;
				CLANG_ENABLE_OBJC_ARC = YES;
				CLANG_WARN_BOOL_CONVERSION = YES;
				CLANG_WARN_CONSTANT_CONVERSION = YES;
				CLANG_WARN_DIRECT_OBJC_ISA_USAGE = YES_ERROR;
				CLANG_WARN_EMPTY_BODY = YES;
				CLANG_WARN_ENUM_CONVERSION = YES;
				CLANG_WARN_INT_CONVERSION = YES;
				CLANG_WARN_OBJC_ROOT_CLASS = YES_ERROR;
				CLANG_WARN_UNREACHABLE_CODE = YES;
				CLANG_WARN__DUPLICATE_METHOD_MATCH = YES;
				"CODE_SIGN_IDENTITY[sdk=iphoneos*]" = "iPhone Developer";
				COPY_PHASE_STRIP = NO;
				DEBUG_INFORMATION_FORMAT = "dwarf-with-dsym";
				ENABLE_NS_ASSERTIONS = NO;
				ENABLE_STRICT_OBJC_MSGSEND = YES;
				GCC_C_LANGUAGE_STANDARD = gnu99;
				GCC_NO_COMMON_BLOCKS = YES;
				GCC_WARN_64_TO_32_BIT_CONVERSION = YES;
				GCC_WARN_ABOUT_RETURN_TYPE = YES_ERROR;
				GCC_WARN_UNDECLARED_SELECTOR = YES;
				GCC_WARN_UNINITIALIZED_AUTOS = YES_AGGRESSIVE;
				GCC_WARN_UNUSED_FUNCTION = YES;
				GCC_WARN_UNUSED_VARIABLE = YES;
				IPHONEOS_DEPLOYMENT_TARGET = 9.3;
				MTL_ENABLE_DEBUG_INFO = NO;
				SDKROOT = iphoneos;
				TARGETED_DEVICE_FAMILY = "1,2";
				VALIDATE_PRODUCT = YES;
			};
			name = Release;
		};
		C87E8C9C1D393EE40064360B /* Debug */ = {
			isa = XCBuildConfiguration;
			buildSettings = {
				ASSETCATALOG_COMPILER_APPICON_NAME = AppIcon;
				INFOPLIST_FILE = Health_App/Info.plist;
				LD_RUNPATH_SEARCH_PATHS = "$(inherited) @executable_path/Frameworks";
				PRODUCT_BUNDLE_IDENTIFIER = "applan.Health-App";
				PRODUCT_NAME = "$(TARGET_NAME)";
				SWIFT_VERSION = 3.0;
			};
			name = Debug;
		};
		C87E8C9D1D393EE40064360B /* Release */ = {
			isa = XCBuildConfiguration;
			buildSettings = {
				ASSETCATALOG_COMPILER_APPICON_NAME = AppIcon;
				INFOPLIST_FILE = Health_App/Info.plist;
				LD_RUNPATH_SEARCH_PATHS = "$(inherited) @executable_path/Frameworks";
				PRODUCT_BUNDLE_IDENTIFIER = "applan.Health-App";
				PRODUCT_NAME = "$(TARGET_NAME)";
				SWIFT_VERSION = 3.0;
			};
			name = Release;
		};
/* End XCBuildConfiguration section */

/* Begin XCConfigurationList section */
		C87E8C841D393EE40064360B /* Build configuration list for PBXProject "Health_App" */ = {
			isa = XCConfigurationList;
			buildConfigurations = (
				C87E8C991D393EE40064360B /* Debug */,
				C87E8C9A1D393EE40064360B /* Release */,
			);
			defaultConfigurationIsVisible = 0;
			defaultConfigurationName = Release;
		};
		C87E8C9B1D393EE40064360B /* Build configuration list for PBXNativeTarget "Health_App" */ = {
			isa = XCConfigurationList;
			buildConfigurations = (
				C87E8C9C1D393EE40064360B /* Debug */,
				C87E8C9D1D393EE40064360B /* Release */,
			);
			defaultConfigurationIsVisible = 0;
			defaultConfigurationName = Release;
		};
/* End XCConfigurationList section */
	};
	rootObject = C87E8C811D393EE40064360B /* Project object */;
}
